
Microsoft Visual Studio Solution File, Format Version 12.00
# Visual Studio Version 17
VisualStudioVersion = 17.3.32929.385
MinimumVisualStudioVersion = 10.0.40219.1
Project("{FAE04EC0-301F-11D3-BF4B-00C04F79EFBC}") = "WebApplication1", "WebApplication1\WebApplication1.csproj", "{E16C8A1B-6313-4A86-9E4D-1FA73191A5D3}"
EndProject
Global
	GlobalSection(SolutionConfigurationPlatforms) = preSolution
		Debug|Any CPU = Debug|Any CPU
		Release|Any CPU = Release|Any CPU
	EndGlobalSection
	GlobalSection(ProjectConfigurationPlatforms) = postSolution
		{E16C8A1B-6313-4A86-9E4D-1FA73191A5D3}.Debug|Any CPU.ActiveCfg = Debug|Any CPU
		{E16C8A1B-6313-4A86-9E4D-1FA73191A5D3}.Debug|Any CPU.Build.0 = Debug|Any CPU
		{E16C8A1B-6313-4A86-9E4D-1FA73191A5D3}.Release|Any CPU.ActiveCfg = Release|Any CPU
		{E16C8A1B-6313-4A86-9E4D-1FA73191A5D3}.Release|Any CPU.Build.0 = Release|Any CPU
	EndGlobalSection
	GlobalSection(SolutionProperties) = preSolution
		HideSolutionNode = FALSE
	EndGlobalSection
	GlobalSection(ExtensibilityGlobals) = postSolution
		SolutionGuid = {8D3DDD0C-8EDA-477E-81EC-4F89E90C5B2F}
	EndGlobalSection
EndGlobal
